
Microsoft Visual Studio Solution File, Format Version 12.00
# Visual Studio Version 16
VisualStudioVersion = 16.0.31702.278
MinimumVisualStudioVersion = 10.0.40219.1
Project("{FAE04EC0-301F-11D3-BF4B-00C04F79EFBC}") = "sk-vs2019-GitDemo55", "sk-vs2019-GitDemo55\sk-vs2019-GitDemo55.csproj", "{BD5FDF3D-164B-4401-88F0-ABCB9758A1A0}"
EndProject
Global
	GlobalSection(SolutionConfigurationPlatforms) = preSolution
		Debug|Any CPU = Debug|Any CPU
		Release|Any CPU = Release|Any CPU
	EndGlobalSection
	GlobalSection(ProjectConfigurationPlatforms) = postSolution
		{BD5FDF3D-164B-4401-88F0-ABCB9758A1A0}.Debug|Any CPU.ActiveCfg = Debug|Any CPU
		{BD5FDF3D-164B-4401-88F0-ABCB9758A1A0}.Debug|Any CPU.Build.0 = Debug|Any CPU
		{BD5FDF3D-164B-4401-88F0-ABCB9758A1A0}.Release|Any CPU.ActiveCfg = Release|Any CPU
		{BD5FDF3D-164B-4401-88F0-ABCB9758A1A0}.Release|Any CPU.Build.0 = Release|Any CPU
	EndGlobalSection
	GlobalSection(SolutionProperties) = preSolution
		HideSolutionNode = FALSE
	EndGlobalSection
	GlobalSection(ExtensibilityGlobals) = postSolution
		SolutionGuid = {4478B624-6EC3-446B-95F4-61C1CC82593B}
	EndGlobalSection
EndGlobal
